
Microsoft Visual Studio Solution File, Format Version 12.00
# Visual Studio Version 18
VisualStudioVersion = 18.3.11222.16 d18.3
MinimumVisualStudioVersion = 10.0.40219.1
Project("{FAE04EC0-301F-11D3-BF4B-00C04F79EFBC}") = "Project", "Project\Project.csproj", "{B672675B-7FCA-4B86-BC64-4B2370F14A60}"
EndProject
Project("{FAE04EC0-301F-11D3-BF4B-00C04F79EFBC}") = "Project.Domain", "Project.Domain\Project.Domain.csproj", "{8B4A1A3D-3767-4B6A-8D29-6531D0C2048A}"
EndProject
Project("{FAE04EC0-301F-11D3-BF4B-00C04F79EFBC}") = "Project.Infrastructure", "Project.Infrastructure\Project.Infrastructure.csproj", "{2384E065-65DB-4C54-9558-B5FC9FC368C0}"
EndProject
Project("{FAE04EC0-301F-11D3-BF4B-00C04F79EFBC}") = "Project.Application", "Project.Application\Project.Application.csproj", "{6401676B-5F45-4F3F-8B75-52F043BBE8F3}"
EndProject
Project("{FAE04EC0-301F-11D3-BF4B-00C04F79EFBC}") = "Project.API", "Project.API\Project.API.csproj", "{A98B319E-2801-404F-909D-5190F31BD9D8}"
EndProject
Global
	GlobalSection(SolutionConfigurationPlatforms) = preSolution
		Debug|Any CPU = Debug|Any CPU
		Debug|x64 = Debug|x64
		Debug|x86 = Debug|x86
		Release|Any CPU = Release|Any CPU
		Release|x64 = Release|x64
		Release|x86 = Release|x86
	EndGlobalSection
	GlobalSection(ProjectConfigurationPlatforms) = postSolution
		{B672675B-7FCA-4B86-BC64-4B2370F14A60}.Debug|Any CPU.ActiveCfg = Debug|Any CPU
		{B672675B-7FCA-4B86-BC64-4B2370F14A60}.Debug|Any CPU.Build.0 = Debug|Any CPU
		{B672675B-7FCA-4B86-BC64-4B2370F14A60}.Debug|x64.ActiveCfg = Debug|Any CPU
		{B672675B-7FCA-4B86-BC64-4B2370F14A60}.Debug|x64.Build.0 = Debug|Any CPU
		{B672675B-7FCA-4B86-BC64-4B2370F14A60}.Debug|x86.ActiveCfg = Debug|Any CPU
		{B672675B-7FCA-4B86-BC64-4B2370F14A60}.Debug|x86.Build.0 = Debug|Any CPU
		{B672675B-7FCA-4B86-BC64-4B2370F14A60}.Release|Any CPU.ActiveCfg = Release|Any CPU
		{B672675B-7FCA-4B86-BC64-4B2370F14A60}.Release|Any CPU.Build.0 = Release|Any CPU
		{B672675B-7FCA-4B86-BC64-4B2370F14A60}.Release|x64.ActiveCfg = Release|Any CPU
		{B672675B-7FCA-4B86-BC64-4B2370F14A60}.Release|x64.Build.0 = Release|Any CPU
		{B672675B-7FCA-4B86-BC64-4B2370F14A60}.Release|x86.ActiveCfg = Release|Any CPU
		{B672675B-7FCA-4B86-BC64-4B2370F14A60}.Release|x86.Build.0 = Release|Any CPU
		{8B4A1A3D-3767-4B6A-8D29-6531D0C2048A}.Debug|Any CPU.ActiveCfg = Debug|Any CPU
		{8B4A1A3D-3767-4B6A-8D29-6531D0C2048A}.Debug|Any CPU.Build.0 = Debug|Any CPU
		{8B4A1A3D-3767-4B6A-8D29-6531D0C2048A}.Debug|x64.ActiveCfg = Debug|Any CPU
		{8B4A1A3D-3767-4B6A-8D29-6531D0C2048A}.Debug|x64.Build.0 = Debug|Any CPU
		{8B4A1A3D-3767-4B6A-8D29-6531D0C2048A}.Debug|x86.ActiveCfg = Debug|Any CPU
		{8B4A1A3D-3767-4B6A-8D29-6531D0C2048A}.Debug|x86.Build.0 = Debug|Any CPU
		{8B4A1A3D-3767-4B6A-8D29-6531D0C2048A}.Release|Any CPU.ActiveCfg = Release|Any CPU
		{8B4A1A3D-3767-4B6A-8D29-6531D0C2048A}.Release|Any CPU.Build.0 = Release|Any CPU
		{8B4A1A3D-3767-4B6A-8D29-6531D0C2048A}.Release|x64.ActiveCfg = Release|Any CPU
		{8B4A1A3D-3767-4B6A-8D29-6531D0C2048A}.Release|x64.Build.0 = Release|Any CPU
		{8B4A1A3D-3767-4B6A-8D29-6531D0C2048A}.Release|x86.ActiveCfg = Release|Any CPU
		{8B4A1A3D-3767-4B6A-8D29-6531D0C2048A}.Release|x86.Build.0 = Release|Any CPU
		{2384E065-65DB-4C54-9558-B5FC9FC368C0}.Debug|Any CPU.ActiveCfg = Debug|Any CPU
		{2384E065-65DB-4C54-9558-B5FC9FC368C0}.Debug|Any CPU.Build.0 = Debug|Any CPU
		{2384E065-65DB-4C54-9558-B5FC9FC368C0}.Debug|x64.ActiveCfg = Debug|Any CPU
		{2384E065-65DB-4C54-9558-B5FC9FC368C0}.Debug|x64.Build.0 = Debug|Any CPU
		{2384E065-65DB-4C54-9558-B5FC9FC368C0}.Debug|x86.ActiveCfg = Debug|Any CPU
		{2384E065-65DB-4C54-9558-B5FC9FC368C0}.Debug|x86.Build.0 = Debug|Any CPU
		{2384E065-65DB-4C54-9558-B5FC9FC368C0}.Release|Any CPU.ActiveCfg = Release|Any CPU
		{2384E065-65DB-4C54-9558-B5FC9FC368C0}.Release|Any CPU.Build.0 = Release|Any CPU
		{2384E065-65DB-4C54-9558-B5FC9FC368C0}.Release|x64.ActiveCfg = Release|Any CPU
		{2384E065-65DB-4C54-9558-B5FC9FC368C0}.Release|x64.Build.0 = Release|Any CPU
		{2384E065-65DB-4C54-9558-B5FC9FC368C0}.Release|x86.ActiveCfg = Release|Any CPU
		{2384E065-65DB-4C54-9558-B5FC9FC368C0}.Release|x86.Build.0 = Release|Any CPU
		{6401676B-5F45-4F3F-8B75-52F043BBE8F3}.Debug|Any CPU.ActiveCfg = Debug|Any CPU
		{6401676B-5F45-4F3F-8B75-52F043BBE8F3}.Debug|Any CPU.Build.0 = Debug|Any CPU
		{6401676B-5F45-4F3F-8B75-52F043BBE8F3}.Debug|x64.ActiveCfg = Debug|Any CPU
		{6401676B-5F45-4F3F-8B75-52F043BBE8F3}.Debug|x64.Build.0 = Debug|Any CPU
		{6401676B-5F45-4F3F-8B75-52F043BBE8F3}.Debug|x86.ActiveCfg = Debug|Any CPU
		{6401676B-5F45-4F3F-8B75-52F043BBE8F3}.Debug|x86.Build.0 = Debug|Any CPU
		{6401676B-5F45-4F3F-8B75-52F043BBE8F3}.Release|Any CPU.ActiveCfg = Release|Any CPU
		{6401676B-5F45-4F3F-8B75-52F043BBE8F3}.Release|Any CPU.Build.0 = Release|Any CPU
		{6401676B-5F45-4F3F-8B75-52F043BBE8F3}.Release|x64.ActiveCfg = Release|Any CPU
		{6401676B-5F45-4F3F-8B75-52F043BBE8F3}.Release|x64.Build.0 = Release|Any CPU
		{6401676B-5F45-4F3F-8B75-52F043BBE8F3}.Release|x86.ActiveCfg = Release|Any CPU
		{6401676B-5F45-4F3F-8B75-52F043BBE8F3}.Release|x86.Build.0 = Release|Any CPU
		{A98B319E-2801-404F-909D-5190F31BD9D8}.Debug|Any CPU.ActiveCfg = Debug|Any CPU
		{A98B319E-2801-404F-909D-5190F31BD9D8}.Debug|Any CPU.Build.0 = Debug|Any CPU
		{A98B319E-2801-404F-909D-5190F31BD9D8}.Debug|x64.ActiveCfg = Debug|Any CPU
		{A98B319E-2801-404F-909D-5190F31BD9D8}.Debug|x64.Build.0 = Debug|Any CPU
		{A98B319E-2801-404F-909D-5190F31BD9D8}.Debug|x86.ActiveCfg = Debug|Any CPU
		{A98B319E-2801-404F-909D-5190F31BD9D8}.Debug|x86.Build.0 = Debug|Any CPU
		{A98B319E-2801-404F-909D-5190F31BD9D8}.Release|Any CPU.ActiveCfg = Release|Any CPU
		{A98B319E-2801-404F-909D-5190F31BD9D8}.Release|Any CPU.Build.0 = Release|Any CPU
		{A98B319E-2801-404F-909D-5190F31BD9D8}.Release|x64.ActiveCfg = Release|Any CPU
		{A98B319E-2801-404F-909D-5190F31BD9D8}.Release|x64.Build.0 = Release|Any CPU
		{A98B319E-2801-404F-909D-5190F31BD9D8}.Release|x86.ActiveCfg = Release|Any CPU
		{A98B319E-2801-404F-909D-5190F31BD9D8}.Release|x86.Build.0 = Release|Any CPU
	EndGlobalSection
	GlobalSection(SolutionProperties) = preSolution
		HideSolutionNode = FALSE
	EndGlobalSection
	GlobalSection(ExtensibilityGlobals) = postSolution
		SolutionGuid = {1EE341D7-C481-40A6-9FF9-AB54BB9447E7}
	EndGlobalSection
EndGlobal
